// !$*UTF8*$!
{
	archiveVersion = 1;
	classes = {
	};
	objectVersion = 48;
	objects = {

/* Begin PBXBuildFile section */
		AB0D3C87207F87B200BC3FDE /* Launch.storyboard in Resources */ = {isa = PBXBuildFile; fileRef = AB0D3C86207F87B200BC3FDE /* Launch.storyboard */; };
		AB0D3C88207F87B200BC3FDE /* Launch.storyboard in Resources */ = {isa = PBXBuildFile; fileRef = AB0D3C86207F87B200BC3FDE /* Launch.storyboard */; };
		AB0D3C89207F87B200BC3FDE /* Launch.storyboard in Resources */ = {isa = PBXBuildFile; fileRef = AB0D3C86207F87B200BC3FDE /* Launch.storyboard */; };
		AB312A4B208780A5004A21E2 /* effect.swift in Sources */ = {isa = PBXBuildFile; fileRef = AB312A4A208780A5004A21E2 /* effect.swift */; };
		AB604E5C209FEE990041F103 /* viaDatabase.swift in Sources */ = {isa = PBXBuildFile; fileRef = AB604E5B209FEE990041F103 /* viaDatabase.swift */; };
		AB6ECFBD2091B9B3000FF37C /* AppDelegate.swift in Sources */ = {isa = PBXBuildFile; fileRef = AB6ECFBC2091B9B3000FF37C /* AppDelegate.swift */; };
		AB8F703E20A318B800B1001A /* GuideViewController.swift in Sources */ = {isa = PBXBuildFile; fileRef = AB8F703D20A318B700B1001A /* GuideViewController.swift */; };
		ABD8D5122099E6DE00080849 /* VocCardViewController.swift in Sources */ = {isa = PBXBuildFile; fileRef = ABD8D5112099E6DE00080849 /* VocCardViewController.swift */; };
		ABF4D77A207A3FFB0099191B /* Images.xcassets in Resources */ = {isa = PBXBuildFile; fileRef = ABF4D779207A3FFB0099191B /* Images.xcassets */; };
		ABF8B5B9209F3E5C00697F0E /* LoginViewController.swift in Sources */ = {isa = PBXBuildFile; fileRef = ABF8B5B8209F3E5C00697F0E /* LoginViewController.swift */; };
		AC1D45E3206FA83100D25A97 /* chooseCategoryViewController.swift in Sources */ = {isa = PBXBuildFile; fileRef = AC1D45E2206FA83100D25A97 /* chooseCategoryViewController.swift */; };
		AC587DEA2071F71C00119377 /* Model.xcdatamodeld in Sources */ = {isa = PBXBuildFile; fileRef = AC587DE82071F71C00119377 /* Model.xcdatamodeld */; };
		AC9A9D8E209A9F97001CC6E6 /* homePageViewController.swift in Sources */ = {isa = PBXBuildFile; fileRef = AC9A9D8D209A9F97001CC6E6 /* homePageViewController.swift */; };
		AC9A9D92209ADE36001CC6E6 /* logIn.swift in Sources */ = {isa = PBXBuildFile; fileRef = AC9A9D91209ADE36001CC6E6 /* logIn.swift */; };
		ACAA4446206F5A6B002C4359 /* Main.storyboard in Resources */ = {isa = PBXBuildFile; fileRef = ACAA4444206F5A6B002C4359 /* Main.storyboard */; };
		ACAA4456206F5A6B002C4359 /* verison2Tests.swift in Sources */ = {isa = PBXBuildFile; fileRef = ACAA4455206F5A6B002C4359 /* verison2Tests.swift */; };
		ACAA4461206F5A6B002C4359 /* verison2UITests.swift in Sources */ = {isa = PBXBuildFile; fileRef = ACAA4460206F5A6B002C4359 /* verison2UITests.swift */; };
		ACABD878206F6B120037FEDD /* GameViewController.swift in Sources */ = {isa = PBXBuildFile; fileRef = ACABD877206F6B120037FEDD /* GameViewController.swift */; };
		ACABD87A206F71680037FEDD /* Card.swift in Sources */ = {isa = PBXBuildFile; fileRef = ACABD879206F71680037FEDD /* Card.swift */; };
		ACABD87C206F71A60037FEDD /* CardModel.swift in Sources */ = {isa = PBXBuildFile; fileRef = ACABD87B206F71A60037FEDD /* CardModel.swift */; };
		ACBBF7ED20AB20600089B414 /* addEvent.swift in Sources */ = {isa = PBXBuildFile; fileRef = ACBBF7EC20AB20600089B414 /* addEvent.swift */; };
		ACF45EC8206F806E0005820B /* vocCardModel.swift in Sources */ = {isa = PBXBuildFile; fileRef = ACF45EC7206F806E0005820B /* vocCardModel.swift */; };
		ACFF5A6520A139F2005A5A84 /* word.txt in Resources */ = {isa = PBXBuildFile; fileRef = ACFF5A6420A139F2005A5A84 /* word.txt */; };
/* End PBXBuildFile section */

/* Begin PBXContainerItemProxy section */
		ACAA4452206F5A6B002C4359 /* PBXContainerItemProxy */ = {
			isa = PBXContainerItemProxy;
			containerPortal = ACAA4435206F5A6B002C4359 /* Project object */;
			proxyType = 1;
			remoteGlobalIDString = ACAA443C206F5A6B002C4359;
			remoteInfo = verison2;
		};
		ACAA445D206F5A6B002C4359 /* PBXContainerItemProxy */ = {
			isa = PBXContainerItemProxy;
			containerPortal = ACAA4435206F5A6B002C4359 /* Project object */;
			proxyType = 1;
			remoteGlobalIDString = ACAA443C206F5A6B002C4359;
			remoteInfo = verison2;
		};
/* End PBXContainerItemProxy section */

/* Begin PBXFileReference section */
		AB0D3C86207F87B200BC3FDE /* Launch.storyboard */ = {isa = PBXFileReference; lastKnownFileType = file.storyboard; path = Launch.storyboard; sourceTree = "<group>"; };
		AB312A4A208780A5004A21E2 /* effect.swift */ = {isa = PBXFileReference; lastKnownFileType = sourcecode.swift; path = effect.swift; sourceTree = "<group>"; };
		AB604E5B209FEE990041F103 /* viaDatabase.swift */ = {isa = PBXFileReference; fileEncoding = 4; lastKnownFileType = sourcecode.swift; path = viaDatabase.swift; sourceTree = "<group>"; };
		AB6ECFBC2091B9B3000FF37C /* AppDelegate.swift */ = {isa = PBXFileReference; fileEncoding = 4; lastKnownFileType = sourcecode.swift; path = AppDelegate.swift; sourceTree = "<group>"; };
		AB8F703D20A318B700B1001A /* GuideViewController.swift */ = {isa = PBXFileReference; fileEncoding = 4; lastKnownFileType = sourcecode.swift; path = GuideViewController.swift; sourceTree = "<group>"; };
		ABD8D5112099E6DE00080849 /* VocCardViewController.swift */ = {isa = PBXFileReference; fileEncoding = 4; lastKnownFileType = sourcecode.swift; path = VocCardViewController.swift; sourceTree = "<group>"; };
		ABF4D779207A3FFB0099191B /* Images.xcassets */ = {isa = PBXFileReference; lastKnownFileType = folder.assetcatalog; path = Images.xcassets; sourceTree = "<group>"; };
		ABF8B5B8209F3E5C00697F0E /* LoginViewController.swift */ = {isa = PBXFileReference; fileEncoding = 4; lastKnownFileType = sourcecode.swift; path = LoginViewController.swift; sourceTree = "<group>"; };
		AC1D45E2206FA83100D25A97 /* chooseCategoryViewController.swift */ = {isa = PBXFileReference; lastKnownFileType = sourcecode.swift; path = chooseCategoryViewController.swift; sourceTree = "<group>"; };
		AC587DE92071F71C00119377 /* Model.xcdatamodel */ = {isa = PBXFileReference; lastKnownFileType = wrapper.xcdatamodel; path = Model.xcdatamodel; sourceTree = "<group>"; };
		AC9A9D8D209A9F97001CC6E6 /* homePageViewController.swift */ = {isa = PBXFileReference; lastKnownFileType = sourcecode.swift; path = homePageViewController.swift; sourceTree = "<group>"; };
		AC9A9D91209ADE36001CC6E6 /* logIn.swift */ = {isa = PBXFileReference; lastKnownFileType = sourcecode.swift; path = logIn.swift; sourceTree = "<group>"; };
		ACAA443D206F5A6B002C4359 /* Flipper.app */ = {isa = PBXFileReference; explicitFileType = wrapper.application; includeInIndex = 0; path = Flipper.app; sourceTree = BUILT_PRODUCTS_DIR; };
		ACAA4445206F5A6B002C4359 /* Base */ = {isa = PBXFileReference; lastKnownFileType = file.storyboard; name = Base; path = Base.lproj/Main.storyboard; sourceTree = "<group>"; };
		ACAA444C206F5A6B002C4359 /* Info.plist */ = {isa = PBXFileReference; lastKnownFileType = text.plist.xml; path = Info.plist; sourceTree = "<group>"; };
		ACAA4451206F5A6B002C4359 /* FlipperTests.xctest */ = {isa = PBXFileReference; explicitFileType = wrapper.cfbundle; includeInIndex = 0; path = FlipperTests.xctest; sourceTree = BUILT_PRODUCTS_DIR; };
		ACAA4455206F5A6B002C4359 /* verison2Tests.swift */ = {isa = PBXFileReference; lastKnownFileType = sourcecode.swift; path = verison2Tests.swift; sourceTree = "<group>"; };
		ACAA4457206F5A6B002C4359 /* Info.plist */ = {isa = PBXFileReference; lastKnownFileType = text.plist.xml; path = Info.plist; sourceTree = "<group>"; };
		ACAA445C206F5A6B002C4359 /* FlipperUITests.xctest */ = {isa = PBXFileReference; explicitFileType = wrapper.cfbundle; includeInIndex = 0; path = FlipperUITests.xctest; sourceTree = BUILT_PRODUCTS_DIR; };
		ACAA4460206F5A6B002C4359 /* verison2UITests.swift */ = {isa = PBXFileReference; lastKnownFileType = sourcecode.swift; path = verison2UITests.swift; sourceTree = "<group>"; };
		ACAA4462206F5A6B002C4359 /* Info.plist */ = {isa = PBXFileReference; lastKnownFileType = text.plist.xml; path = Info.plist; sourceTree = "<group>"; };
		ACABD877206F6B120037FEDD /* GameViewController.swift */ = {isa = PBXFileReference; lastKnownFileType = sourcecode.swift; path = GameViewController.swift; sourceTree = "<group>"; };
		ACABD879206F71680037FEDD /* Card.swift */ = {isa = PBXFileReference; lastKnownFileType = sourcecode.swift; path = Card.swift; sourceTree = "<group>"; };
		ACABD87B206F71A60037FEDD /* CardModel.swift */ = {isa = PBXFileReference; lastKnownFileType = sourcecode.swift; path = CardModel.swift; sourceTree = "<group>"; };
		ACBBF7EC20AB20600089B414 /* addEvent.swift */ = {isa = PBXFileReference; fileEncoding = 4; lastKnownFileType = sourcecode.swift; path = addEvent.swift; sourceTree = "<group>"; };
		ACF45EC7206F806E0005820B /* vocCardModel.swift */ = {isa = PBXFileReference; lastKnownFileType = sourcecode.swift; path = vocCardModel.swift; sourceTree = "<group>"; };
		ACFF5A6420A139F2005A5A84 /* word.txt */ = {isa = PBXFileReference; fileEncoding = 4; lastKnownFileType = text; path = word.txt; sourceTree = SOURCE_ROOT; };
/* End PBXFileReference section */

/* Begin PBXFrameworksBuildPhase section */
		ACAA443A206F5A6B002C4359 /* Frameworks */ = {
			isa = PBXFrameworksBuildPhase;
			buildActionMask = 2147483647;
			files = (
			);
			runOnlyForDeploymentPostprocessing = 0;
		};
		ACAA444E206F5A6B002C4359 /* Frameworks */ = {
			isa = PBXFrameworksBuildPhase;
			buildActionMask = 2147483647;
			files = (
			);
			runOnlyForDeploymentPostprocessing = 0;
		};
		ACAA4459206F5A6B002C4359 /* Frameworks */ = {
			isa = PBXFrameworksBuildPhase;
			buildActionMask = 2147483647;
			files = (
			);
			runOnlyForDeploymentPostprocessing = 0;
		};
/* End PBXFrameworksBuildPhase section */

/* Begin PBXGroup section */
		AC2517DE20A18CD90096FB88 /* storyboard */ = {
			isa = PBXGroup;
			children = (
				AB0D3C86207F87B200BC3FDE /* Launch.storyboard */,
				ACAA4444206F5A6B002C4359 /* Main.storyboard */,
			);
			path = storyboard;
			sourceTree = "<group>";
		};
		AC2517DF20A18D430096FB88 /* LogIn */ = {
			isa = PBXGroup;
			children = (
				ABF8B5B8209F3E5C00697F0E /* LoginViewController.swift */,
				AC9A9D91209ADE36001CC6E6 /* logIn.swift */,
			);
			path = LogIn;
			sourceTree = "<group>";
		};
		ACAA4434206F5A6B002C4359 = {
			isa = PBXGroup;
			children = (
				ACAA443F206F5A6B002C4359 /* verison2 */,
				ACAA4454206F5A6B002C4359 /* verison2Tests */,
				ACAA445F206F5A6B002C4359 /* verison2UITests */,
				ACAA443E206F5A6B002C4359 /* Products */,
			);
			sourceTree = "<group>";
		};
		ACAA443E206F5A6B002C4359 /* Products */ = {
			isa = PBXGroup;
			children = (
				ACAA443D206F5A6B002C4359 /* Flipper.app */,
				ACAA4451206F5A6B002C4359 /* FlipperTests.xctest */,
				ACAA445C206F5A6B002C4359 /* FlipperUITests.xctest */,
			);
			name = Products;
			sourceTree = "<group>";
		};
		ACAA443F206F5A6B002C4359 /* verison2 */ = {
			isa = PBXGroup;
			children = (
				ACFF5A6420A139F2005A5A84 /* word.txt */,
				AC2517DE20A18CD90096FB88 /* storyboard */,
				AC2517DF20A18D430096FB88 /* LogIn */,
				ACFF5A6620A140DC005A5A84 /* homepage */,
				ACF45ECC206F841D0005820B /* voccard */,
				ACF45ECB206F84110005820B /* game */,
				ABF4D779207A3FFB0099191B /* Images.xcassets */,
				AB6ECFBC2091B9B3000FF37C /* AppDelegate.swift */,
				ACAA444C206F5A6B002C4359 /* Info.plist */,
				AC587DE82071F71C00119377 /* Model.xcdatamodeld */,
			);
			path = verison2;
			sourceTree = "<group>";
		};
		ACAA4454206F5A6B002C4359 /* verison2Tests */ = {
			isa = PBXGroup;
			children = (
				ACAA4455206F5A6B002C4359 /* verison2Tests.swift */,
				ACAA4457206F5A6B002C4359 /* Info.plist */,
			);
			path = verison2Tests;
			sourceTree = "<group>";
		};
		ACAA445F206F5A6B002C4359 /* verison2UITests */ = {
			isa = PBXGroup;
			children = (
				ACAA4460206F5A6B002C4359 /* verison2UITests.swift */,
				ACAA4462206F5A6B002C4359 /* Info.plist */,
			);
			path = verison2UITests;
			sourceTree = "<group>";
		};
		ACF45ECB206F84110005820B /* game */ = {
			isa = PBXGroup;
			children = (
				ACABD879206F71680037FEDD /* Card.swift */,
				ACABD87B206F71A60037FEDD /* CardModel.swift */,
				ACABD877206F6B120037FEDD /* GameViewController.swift */,
			);
			path = game;
			sourceTree = "<group>";
		};
		ACF45ECC206F841D0005820B /* voccard */ = {
			isa = PBXGroup;
			children = (
				ACBBF7EC20AB20600089B414 /* addEvent.swift */,
				AC1D45E2206FA83100D25A97 /* chooseCategoryViewController.swift */,
				ABD8D5112099E6DE00080849 /* VocCardViewController.swift */,
				ACF45EC7206F806E0005820B /* vocCardModel.swift */,
			);
			path = voccard;
			sourceTree = "<group>";
		};
		ACFF5A6620A140DC005A5A84 /* homepage */ = {
			isa = PBXGroup;
			children = (
				AB604E5B209FEE990041F103 /* viaDatabase.swift */,
				AB8F703D20A318B700B1001A /* GuideViewController.swift */,
				AB312A4A208780A5004A21E2 /* effect.swift */,
				AC9A9D8D209A9F97001CC6E6 /* homePageViewController.swift */,
			);
			path = homepage;
			sourceTree = "<group>";
		};
/* End PBXGroup section */

/* Begin PBXNativeTarget section */
		ACAA443C206F5A6B002C4359 /* Flipper */ = {
			isa = PBXNativeTarget;
			buildConfigurationList = ACAA4465206F5A6B002C4359 /* Build configuration list for PBXNativeTarget "Flipper" */;
			buildPhases = (
				ACAA4439206F5A6B002C4359 /* Sources */,
				ACAA443A206F5A6B002C4359 /* Frameworks */,
				ACAA443B206F5A6B002C4359 /* Resources */,
			);
			buildRules = (
			);
			dependencies = (
			);
			name = Flipper;
			productName = verison2;
			productReference = ACAA443D206F5A6B002C4359 /* Flipper.app */;
			productType = "com.apple.product-type.application";
		};
		ACAA4450206F5A6B002C4359 /* FlipperTests */ = {
			isa = PBXNativeTarget;
			buildConfigurationList = ACAA4468206F5A6B002C4359 /* Build configuration list for PBXNativeTarget "FlipperTests" */;
			buildPhases = (
				ACAA444D206F5A6B002C4359 /* Sources */,
				ACAA444E206F5A6B002C4359 /* Frameworks */,
				ACAA444F206F5A6B002C4359 /* Resources */,
			);
			buildRules = (
			);
			dependencies = (
				ACAA4453206F5A6B002C4359 /* PBXTargetDependency */,
			);
			name = FlipperTests;
			productName = verison2Tests;
			productReference = ACAA4451206F5A6B002C4359 /* FlipperTests.xctest */;
			productType = "com.apple.product-type.bundle.unit-test";
		};
		ACAA445B206F5A6B002C4359 /* FlipperUITests */ = {
			isa = PBXNativeTarget;
			buildConfigurationList = ACAA446B206F5A6B002C4359 /* Build configuration list for PBXNativeTarget "FlipperUITests" */;
			buildPhases = (
				ACAA4458206F5A6B002C4359 /* Sources */,
				ACAA4459206F5A6B002C4359 /* Frameworks */,
				ACAA445A206F5A6B002C4359 /* Resources */,
			);
			buildRules = (
			);
			dependencies = (
				ACAA445E206F5A6B002C4359 /* PBXTargetDependency */,
			);
			name = FlipperUITests;
			productName = verison2UITests;
			productReference = ACAA445C206F5A6B002C4359 /* FlipperUITests.xctest */;
			productType = "com.apple.product-type.bundle.ui-testing";
		};
/* End PBXNativeTarget section */

/* Begin PBXProject section */
		ACAA4435206F5A6B002C4359 /* Project object */ = {
			isa = PBXProject;
			attributes = {
				LastSwiftUpdateCheck = 0920;
				LastUpgradeCheck = 0930;
				ORGANIZATIONNAME = "CSE 208-Group India";
				TargetAttributes = {
					ACAA443C206F5A6B002C4359 = {
						CreatedOnToolsVersion = 9.2;
						ProvisioningStyle = Automatic;
						SystemCapabilities = {
							com.apple.iCloud = {
								enabled = 0;
							};
						};
					};
					ACAA4450206F5A6B002C4359 = {
						CreatedOnToolsVersion = 9.2;
						ProvisioningStyle = Automatic;
						TestTargetID = ACAA443C206F5A6B002C4359;
					};
					ACAA445B206F5A6B002C4359 = {
						CreatedOnToolsVersion = 9.2;
						ProvisioningStyle = Automatic;
						TestTargetID = ACAA443C206F5A6B002C4359;
					};
				};
			};
			buildConfigurationList = ACAA4438206F5A6B002C4359 /* Build configuration list for PBXProject "Flipper" */;
			compatibilityVersion = "Xcode 8.0";
			developmentRegion = en;
			hasScannedForEncodings = 0;
			knownRegions = (
				en,
				Base,
			);
			mainGroup = ACAA4434206F5A6B002C4359;
			productRefGroup = ACAA443E206F5A6B002C4359 /* Products */;
			projectDirPath = "";
			projectRoot = "";
			targets = (
				ACAA443C206F5A6B002C4359 /* Flipper */,
				ACAA4450206F5A6B002C4359 /* FlipperTests */,
				ACAA445B206F5A6B002C4359 /* FlipperUITests */,
			);
		};
/* End PBXProject section */

/* Begin PBXResourcesBuildPhase section */
		ACAA443B206F5A6B002C4359 /* Resources */ = {
			isa = PBXResourcesBuildPhase;
			buildActionMask = 2147483647;
			files = (
				AB0D3C87207F87B200BC3FDE /* Launch.storyboard in Resources */,
				ABF4D77A207A3FFB0099191B /* Images.xcassets in Resources */,
				ACFF5A6520A139F2005A5A84 /* word.txt in Resources */,
				ACAA4446206F5A6B002C4359 /* Main.storyboard in Resources */,
			);
			runOnlyForDeploymentPostprocessing = 0;
		};
		ACAA444F206F5A6B002C4359 /* Resources */ = {
			isa = PBXResourcesBuildPhase;
			buildActionMask = 2147483647;
			files = (
				AB0D3C88207F87B200BC3FDE /* Launch.storyboard in Resources */,
			);
			runOnlyForDeploymentPostprocessing = 0;
		};
		ACAA445A206F5A6B002C4359 /* Resources */ = {
			isa = PBXResourcesBuildPhase;
			buildActionMask = 2147483647;
			files = (
				AB0D3C89207F87B200BC3FDE /* Launch.storyboard in Resources */,
			);
			runOnlyForDeploymentPostprocessing = 0;
		};
/* End PBXResourcesBuildPhase section */

/* Begin PBXSourcesBuildPhase section */
		ACAA4439206F5A6B002C4359 /* Sources */ = {
			isa = PBXSourcesBuildPhase;
			buildActionMask = 2147483647;
			files = (
				ACABD878206F6B120037FEDD /* GameViewController.swift in Sources */,
				AC9A9D92209ADE36001CC6E6 /* logIn.swift in Sources */,
				AB312A4B208780A5004A21E2 /* effect.swift in Sources */,
				ABF8B5B9209F3E5C00697F0E /* LoginViewController.swift in Sources */,
				ACF45EC8206F806E0005820B /* vocCardModel.swift in Sources */,
				ACABD87A206F71680037FEDD /* Card.swift in Sources */,
				AC587DEA2071F71C00119377 /* Model.xcdatamodeld in Sources */,
				AB8F703E20A318B800B1001A /* GuideViewController.swift in Sources */,
				AC9A9D8E209A9F97001CC6E6 /* homePageViewController.swift in Sources */,
				AB604E5C209FEE990041F103 /* viaDatabase.swift in Sources */,
				ABD8D5122099E6DE00080849 /* VocCardViewController.swift in Sources */,
				ACBBF7ED20AB20600089B414 /* addEvent.swift in Sources */,
				AB6ECFBD2091B9B3000FF37C /* AppDelegate.swift in Sources */,
				AC1D45E3206FA83100D25A97 /* chooseCategoryViewController.swift in Sources */,
				ACABD87C206F71A60037FEDD /* CardModel.swift in Sources */,
			);
			runOnlyForDeploymentPostprocessing = 0;
		};
		ACAA444D206F5A6B002C4359 /* Sources */ = {
			isa = PBXSourcesBuildPhase;
			buildActionMask = 2147483647;
			files = (
				ACAA4456206F5A6B002C4359 /* verison2Tests.swift in Sources */,
			);
			runOnlyForDeploymentPostprocessing = 0;
		};
		ACAA4458206F5A6B002C4359 /* Sources */ = {
			isa = PBXSourcesBuildPhase;
			buildActionMask = 2147483647;
			files = (
				ACAA4461206F5A6B002C4359 /* verison2UITests.swift in Sources */,
			);
			runOnlyForDeploymentPostprocessing = 0;
		};
/* End PBXSourcesBuildPhase section */

/* Begin PBXTargetDependency section */
		ACAA4453206F5A6B002C4359 /* PBXTargetDependency */ = {
			isa = PBXTargetDependency;
			target = ACAA443C206F5A6B002C4359 /* Flipper */;
			targetProxy = ACAA4452206F5A6B002C4359 /* PBXContainerItemProxy */;
		};
		ACAA445E206F5A6B002C4359 /* PBXTargetDependency */ = {
			isa = PBXTargetDependency;
			target = ACAA443C206F5A6B002C4359 /* Flipper */;
			targetProxy = ACAA445D206F5A6B002C4359 /* PBXContainerItemProxy */;
		};
/* End PBXTargetDependency section */

/* Begin PBXVariantGroup section */
		ACAA4444206F5A6B002C4359 /* Main.storyboard */ = {
			isa = PBXVariantGroup;
			children = (
				ACAA4445206F5A6B002C4359 /* Base */,
			);
			name = Main.storyboard;
			sourceTree = "<group>";
		};
/* End PBXVariantGroup section */

/* Begin XCBuildConfiguration section */
		ACAA4463206F5A6B002C4359 /* Debug */ = {
			isa = XCBuildConfiguration;
			buildSettings = {
				ALWAYS_SEARCH_USER_PATHS = NO;
				CLANG_ANALYZER_NONNULL = YES;
				CLANG_ANALYZER_NUMBER_OBJECT_CONVERSION = YES_AGGRESSIVE;
				CLANG_CXX_LANGUAGE_STANDARD = "gnu++14";
				CLANG_CXX_LIBRARY = "libc++";
				CLANG_ENABLE_MODULES = YES;
				CLANG_ENABLE_OBJC_ARC = YES;
				CLANG_WARN_BLOCK_CAPTURE_AUTORELEASING = YES;
				CLANG_WARN_BOOL_CONVERSION = YES;
				CLANG_WARN_COMMA = YES;
				CLANG_WARN_CONSTANT_CONVERSION = YES;
				CLANG_WARN_DEPRECATED_OBJC_IMPLEMENTATIONS = YES;
				CLANG_WARN_DIRECT_OBJC_ISA_USAGE = YES_ERROR;
				CLANG_WARN_DOCUMENTATION_COMMENTS = YES;
				CLANG_WARN_EMPTY_BODY = YES;
				CLANG_WARN_ENUM_CONVERSION = YES;
				CLANG_WARN_INFINITE_RECURSION = YES;
				CLANG_WARN_INT_CONVERSION = YES;
				CLANG_WARN_NON_LITERAL_NULL_CONVERSION = YES;
				CLANG_WARN_OBJC_IMPLICIT_RETAIN_SELF = YES;
				CLANG_WARN_OBJC_LITERAL_CONVERSION = YES;
				CLANG_WARN_OBJC_ROOT_CLASS = YES_ERROR;
				CLANG_WARN_RANGE_LOOP_ANALYSIS = YES;
				CLANG_WARN_STRICT_PROTOTYPES = YES;
				CLANG_WARN_SUSPICIOUS_MOVE = YES;
				CLANG_WARN_UNGUARDED_AVAILABILITY = YES_AGGRESSIVE;
				CLANG_WARN_UNREACHABLE_CODE = YES;
				CLANG_WARN__DUPLICATE_METHOD_MATCH = YES;
				CODE_SIGN_IDENTITY = "iPhone Developer";
				COPY_PHASE_STRIP = NO;
				DEBUG_INFORMATION_FORMAT = dwarf;
				ENABLE_STRICT_OBJC_MSGSEND = YES;
				ENABLE_TESTABILITY = YES;
				GCC_C_LANGUAGE_STANDARD = gnu11;
				GCC_DYNAMIC_NO_PIC = NO;
				GCC_NO_COMMON_BLOCKS = YES;
				GCC_OPTIMIZATION_LEVEL = 0;
				GCC_PREPROCESSOR_DEFINITIONS = (
					"DEBUG=1",
					"$(inherited)",
				);
				GCC_WARN_64_TO_32_BIT_CONVERSION = YES;
				GCC_WARN_ABOUT_RETURN_TYPE = YES_ERROR;
				GCC_WARN_UNDECLARED_SELECTOR = YES;
				GCC_WARN_UNINITIALIZED_AUTOS = YES_AGGRESSIVE;
				GCC_WARN_UNUSED_FUNCTION = YES;
				GCC_WARN_UNUSED_VARIABLE = YES;
				IPHONEOS_DEPLOYMENT_TARGET = 11.3;
				MTL_ENABLE_DEBUG_INFO = YES;
				ONLY_ACTIVE_ARCH = YES;
				SDKROOT = iphoneos;
				SWIFT_ACTIVE_COMPILATION_CONDITIONS = DEBUG;
				SWIFT_OPTIMIZATION_LEVEL = "-Onone";
			};
			name = Debug;
		};
		ACAA4464206F5A6B002C4359 /* Release */ = {
			isa = XCBuildConfiguration;
			buildSettings = {
				ALWAYS_SEARCH_USER_PATHS = NO;
				CLANG_ANALYZER_NONNULL = YES;
				CLANG_ANALYZER_NUMBER_OBJECT_CONVERSION = YES_AGGRESSIVE;
				CLANG_CXX_LANGUAGE_STANDARD = "gnu++14";
				CLANG_CXX_LIBRARY = "libc++";
				CLANG_ENABLE_MODULES = YES;
				CLANG_ENABLE_OBJC_ARC = YES;
				CLANG_WARN_BLOCK_CAPTURE_AUTORELEASING = YES;
				CLANG_WARN_BOOL_CONVERSION = YES;
				CLANG_WARN_COMMA = YES;
				CLANG_WARN_CONSTANT_CONVERSION = YES;
				CLANG_WARN_DEPRECATED_OBJC_IMPLEMENTATIONS = YES;
				CLANG_WARN_DIRECT_OBJC_ISA_USAGE = YES_ERROR;
				CLANG_WARN_DOCUMENTATION_COMMENTS = YES;
				CLANG_WARN_EMPTY_BODY = YES;
				CLANG_WARN_ENUM_CONVERSION = YES;
				CLANG_WARN_INFINITE_RECURSION = YES;
				CLANG_WARN_INT_CONVERSION = YES;
				CLANG_WARN_NON_LITERAL_NULL_CONVERSION = YES;
				CLANG_WARN_OBJC_IMPLICIT_RETAIN_SELF = YES;
				CLANG_WARN_OBJC_LITERAL_CONVERSION = YES;
				CLANG_WARN_OBJC_ROOT_CLASS = YES_ERROR;
				CLANG_WARN_RANGE_LOOP_ANALYSIS = YES;
				CLANG_WARN_STRICT_PROTOTYPES = YES;
				CLANG_WARN_SUSPICIOUS_MOVE = YES;
				CLANG_WARN_UNGUARDED_AVAILABILITY = YES_AGGRESSIVE;
				CLANG_WARN_UNREACHABLE_CODE = YES;
				CLANG_WARN__DUPLICATE_METHOD_MATCH = YES;
				CODE_SIGN_IDENTITY = "iPhone Developer";
				COPY_PHASE_STRIP = NO;
				DEBUG_INFORMATION_FORMAT = "dwarf-with-dsym";
				ENABLE_NS_ASSERTIONS = NO;
				ENABLE_STRICT_OBJC_MSGSEND = YES;
				GCC_C_LANGUAGE_STANDARD = gnu11;
				GCC_NO_COMMON_BLOCKS = YES;
				GCC_WARN_64_TO_32_BIT_CONVERSION = YES;
				GCC_WARN_ABOUT_RETURN_TYPE = YES_ERROR;
				GCC_WARN_UNDECLARED_SELECTOR = YES;
				GCC_WARN_UNINITIALIZED_AUTOS = YES_AGGRESSIVE;
				GCC_WARN_UNUSED_FUNCTION = YES;
				GCC_WARN_UNUSED_VARIABLE = YES;
				IPHONEOS_DEPLOYMENT_TARGET = 11.3;
				MTL_ENABLE_DEBUG_INFO = NO;
				SDKROOT = iphoneos;
				SWIFT_OPTIMIZATION_LEVEL = "-Owholemodule";
				VALIDATE_PRODUCT = YES;
			};
			name = Release;
		};
		ACAA4466206F5A6B002C4359 /* Debug */ = {
			isa = XCBuildConfiguration;
			buildSettings = {
				ASSETCATALOG_COMPILER_APPICON_NAME = AppIcon;
				CODE_SIGN_IDENTITY = "iPhone Developer";
				CODE_SIGN_STYLE = Automatic;
				DEVELOPMENT_TEAM = 98WHZ99N8C;
				INFOPLIST_FILE = verison2/Info.plist;
				IPHONEOS_DEPLOYMENT_TARGET = 11.3;
				LD_RUNPATH_SEARCH_PATHS = "$(inherited) @executable_path/Frameworks";
				MACH_O_TYPE = mh_execute;
				PRODUCT_BUNDLE_IDENTIFIER = wry.Flipper;
				PRODUCT_NAME = "$(TARGET_NAME)";
				PROVISIONING_PROFILE_SPECIFIER = "";
				SWIFT_VERSION = 4.0;
				TARGETED_DEVICE_FAMILY = 1;
			};
			name = Debug;
		};
		ACAA4467206F5A6B002C4359 /* Release */ = {
			isa = XCBuildConfiguration;
			buildSettings = {
				ASSETCATALOG_COMPILER_APPICON_NAME = AppIcon;
				CODE_SIGN_IDENTITY = "iPhone Developer";
				CODE_SIGN_STYLE = Automatic;
				DEVELOPMENT_TEAM = 98WHZ99N8C;
				INFOPLIST_FILE = verison2/Info.plist;
				IPHONEOS_DEPLOYMENT_TARGET = 11.3;
				LD_RUNPATH_SEARCH_PATHS = "$(inherited) @executable_path/Frameworks";
				MACH_O_TYPE = mh_execute;
				PRODUCT_BUNDLE_IDENTIFIER = wry.Flipper;
				PRODUCT_NAME = "$(TARGET_NAME)";
				PROVISIONING_PROFILE_SPECIFIER = "";
				SWIFT_VERSION = 4.0;
				TARGETED_DEVICE_FAMILY = 1;
			};
			name = Release;
		};
		ACAA4469206F5A6B002C4359 /* Debug */ = {
			isa = XCBuildConfiguration;
			buildSettings = {
				ALWAYS_EMBED_SWIFT_STANDARD_LIBRARIES = YES;
				BUNDLE_LOADER = "$(TEST_HOST)";
				CODE_SIGN_STYLE = Automatic;
				INFOPLIST_FILE = verison2Tests/Info.plist;
				LD_RUNPATH_SEARCH_PATHS = "$(inherited) @executable_path/Frameworks @loader_path/Frameworks";
				PRODUCT_BUNDLE_IDENTIFIER = yxk.verison2Tests;
				PRODUCT_NAME = "$(TARGET_NAME)";
				SWIFT_VERSION = 4.0;
				TARGETED_DEVICE_FAMILY = "1,2";
				TEST_HOST = "$(BUILT_PRODUCTS_DIR)/Flipper.app/Flipper";
			};
			name = Debug;
		};
		ACAA446A206F5A6B002C4359 /* Release */ = {
			isa = XCBuildConfiguration;
			buildSettings = {
				ALWAYS_EMBED_SWIFT_STANDARD_LIBRARIES = YES;
				BUNDLE_LOADER = "$(TEST_HOST)";
				CODE_SIGN_STYLE = Automatic;
				INFOPLIST_FILE = verison2Tests/Info.plist;
				LD_RUNPATH_SEARCH_PATHS = "$(inherited) @executable_path/Frameworks @loader_path/Frameworks";
				PRODUCT_BUNDLE_IDENTIFIER = yxk.verison2Tests;
				PRODUCT_NAME = "$(TARGET_NAME)";
				SWIFT_VERSION = 4.0;
				TARGETED_DEVICE_FAMILY = "1,2";
				TEST_HOST = "$(BUILT_PRODUCTS_DIR)/Flipper.app/Flipper";
			};
			name = Release;
		};
		ACAA446C206F5A6B002C4359 /* Debug */ = {
			isa = XCBuildConfiguration;
			buildSettings = {
				ALWAYS_EMBED_SWIFT_STANDARD_LIBRARIES = YES;
				CODE_SIGN_STYLE = Automatic;
				INFOPLIST_FILE = verison2UITests/Info.plist;
				LD_RUNPATH_SEARCH_PATHS = "$(inherited) @executable_path/Frameworks @loader_path/Frameworks";
				PRODUCT_BUNDLE_IDENTIFIER = yxk.verison2UITests;
				PRODUCT_NAME = "$(TARGET_NAME)";
				SWIFT_VERSION = 4.0;
				TARGETED_DEVICE_FAMILY = "1,2";
				TEST_TARGET_NAME = verison2;
			};
			name = Debug;
		};
		ACAA446D206F5A6B002C4359 /* Release */ = {
			isa = XCBuildConfiguration;
			buildSettings = {
				ALWAYS_EMBED_SWIFT_STANDARD_LIBRARIES = YES;
				CODE_SIGN_STYLE = Automatic;
				INFOPLIST_FILE = verison2UITests/Info.plist;
				LD_RUNPATH_SEARCH_PATHS = "$(inherited) @executable_path/Frameworks @loader_path/Frameworks";
				PRODUCT_BUNDLE_IDENTIFIER = yxk.verison2UITests;
				PRODUCT_NAME = "$(TARGET_NAME)";
				SWIFT_VERSION = 4.0;
				TARGETED_DEVICE_FAMILY = "1,2";
				TEST_TARGET_NAME = verison2;
			};
			name = Release;
		};
/* End XCBuildConfiguration section */

/* Begin XCConfigurationList section */
		ACAA4438206F5A6B002C4359 /* Build configuration list for PBXProject "Flipper" */ = {
			isa = XCConfigurationList;
			buildConfigurations = (
				ACAA4463206F5A6B002C4359 /* Debug */,
				ACAA4464206F5A6B002C4359 /* Release */,
			);
			defaultConfigurationIsVisible = 0;
			defaultConfigurationName = Release;
		};
		ACAA4465206F5A6B002C4359 /* Build configuration list for PBXNativeTarget "Flipper" */ = {
			isa = XCConfigurationList;
			buildConfigurations = (
				ACAA4466206F5A6B002C4359 /* Debug */,
				ACAA4467206F5A6B002C4359 /* Release */,
			);
			defaultConfigurationIsVisible = 0;
			defaultConfigurationName = Release;
		};
		ACAA4468206F5A6B002C4359 /* Build configuration list for PBXNativeTarget "FlipperTests" */ = {
			isa = XCConfigurationList;
			buildConfigurations = (
				ACAA4469206F5A6B002C4359 /* Debug */,
				ACAA446A206F5A6B002C4359 /* Release */,
			);
			defaultConfigurationIsVisible = 0;
			defaultConfigurationName = Release;
		};
		ACAA446B206F5A6B002C4359 /* Build configuration list for PBXNativeTarget "FlipperUITests" */ = {
			isa = XCConfigurationList;
			buildConfigurations = (
				ACAA446C206F5A6B002C4359 /* Debug */,
				ACAA446D206F5A6B002C4359 /* Release */,
			);
			defaultConfigurationIsVisible = 0;
			defaultConfigurationName = Release;
		};
/* End XCConfigurationList section */

/* Begin XCVersionGroup section */
		AC587DE82071F71C00119377 /* Model.xcdatamodeld */ = {
			isa = XCVersionGroup;
			children = (
				AC587DE92071F71C00119377 /* Model.xcdatamodel */,
			);
			currentVersion = AC587DE92071F71C00119377 /* Model.xcdatamodel */;
			path = Model.xcdatamodeld;
			sourceTree = "<group>";
			versionGroupType = wrapper.xcdatamodel;
		};
/* End XCVersionGroup section */
	};
	rootObject = ACAA4435206F5A6B002C4359 /* Project object */;
}
